// !$*UTF8*$!
{
	archiveVersion = 1;
	classes = {
	};
	objectVersion = 48;
	objects = {

/* Begin PBXBuildFile section */
		171057FD20AED3E800D1DFDD /* AppDelegate.m in Sources */ = {isa = PBXBuildFile; fileRef = 171057FC20AED3E800D1DFDD /* AppDelegate.m */; };
		1710580020AED3E800D1DFDD /* ViewController.m in Sources */ = {isa = PBXBuildFile; fileRef = 171057FF20AED3E800D1DFDD /* ViewController.m */; };
		1710580320AED3E800D1DFDD /* Main.storyboard in Resources */ = {isa = PBXBuildFile; fileRef = 1710580120AED3E800D1DFDD /* Main.storyboard */; };
		1710580520AED3E800D1DFDD /* Assets.xcassets in Resources */ = {isa = PBXBuildFile; fileRef = 1710580420AED3E800D1DFDD /* Assets.xcassets */; };
		1710580820AED3E800D1DFDD /* LaunchScreen.storyboard in Resources */ = {isa = PBXBuildFile; fileRef = 1710580620AED3E800D1DFDD /* LaunchScreen.storyboard */; };
		1710580B20AED3E800D1DFDD /* main.m in Sources */ = {isa = PBXBuildFile; fileRef = 1710580A20AED3E800D1DFDD /* main.m */; };
		17E53D3820B2784C00F29998 /* MGPDFContentPage.m in Sources */ = {isa = PBXBuildFile; fileRef = 17E53D2720B2784C00F29998 /* MGPDFContentPage.m */; };
		17E53D3920B2784C00F29998 /* MGPDFContentTile.m in Sources */ = {isa = PBXBuildFile; fileRef = 17E53D2920B2784C00F29998 /* MGPDFContentTile.m */; };
		17E53D3A20B2784C00F29998 /* MGPDFContentView.m in Sources */ = {isa = PBXBuildFile; fileRef = 17E53D2B20B2784C00F29998 /* MGPDFContentView.m */; };
		17E53D3C20B2784C00F29998 /* MGPDFDocument.m in Sources */ = {isa = PBXBuildFile; fileRef = 17E53D2F20B2784C00F29998 /* MGPDFDocument.m */; };
		17E53D3D20B2784C00F29998 /* MGPDFDocumentManager.m in Sources */ = {isa = PBXBuildFile; fileRef = 17E53D3120B2784C00F29998 /* MGPDFDocumentManager.m */; };
		17E53D3E20B2784C00F29998 /* MGPDFPagesView.m in Sources */ = {isa = PBXBuildFile; fileRef = 17E53D3320B2784C00F29998 /* MGPDFPagesView.m */; };
		17E53D4320B29CD800F29998 /* MGPDFReaderView.m in Sources */ = {isa = PBXBuildFile; fileRef = 17E53D4220B29CD800F29998 /* MGPDFReaderView.m */; };
		17E53D4620B2A5E600F29998 /* MGPDFZoomView.m in Sources */ = {isa = PBXBuildFile; fileRef = 17E53D4520B2A5E600F29998 /* MGPDFZoomView.m */; };
		17E53D4A20B2B18B00F29998 /* MGPDFReaderVC.m in Sources */ = {isa = PBXBuildFile; fileRef = 17E53D4820B2B18B00F29998 /* MGPDFReaderVC.m */; };
		17E53D4B20B2B18B00F29998 /* MGPDFReaderVC.xib in Resources */ = {isa = PBXBuildFile; fileRef = 17E53D4920B2B18B00F29998 /* MGPDFReaderVC.xib */; };
		17E53D4D20B2B20700F29998 /* 高性能iOS-应用开发-中文版.pdf in Resources */ = {isa = PBXBuildFile; fileRef = 17E53D4C20B2B20700F29998 /* 高性能iOS-应用开发-中文版.pdf */; };
		17E53D5420B3B70400F29998 /* STA20180522101641440.pdf in Resources */ = {isa = PBXBuildFile; fileRef = 17E53D5320B3B70400F29998 /* STA20180522101641440.pdf */; };
		17E53D5820B4038700F29998 /* compoundSealAutoPdf.pdf in Resources */ = {isa = PBXBuildFile; fileRef = 17E53D5720B4038700F29998 /* compoundSealAutoPdf.pdf */; };
/* End PBXBuildFile section */

/* Begin PBXFileReference section */
		171057F820AED3E800D1DFDD /* MGPDFReader.app */ = {isa = PBXFileReference; explicitFileType = wrapper.application; includeInIndex = 0; path = MGPDFReader.app; sourceTree = BUILT_PRODUCTS_DIR; };
		171057FB20AED3E800D1DFDD /* AppDelegate.h */ = {isa = PBXFileReference; lastKnownFileType = sourcecode.c.h; path = AppDelegate.h; sourceTree = "<group>"; };
		171057FC20AED3E800D1DFDD /* AppDelegate.m */ = {isa = PBXFileReference; lastKnownFileType = sourcecode.c.objc; path = AppDelegate.m; sourceTree = "<group>"; };
		171057FE20AED3E800D1DFDD /* ViewController.h */ = {isa = PBXFileReference; lastKnownFileType = sourcecode.c.h; path = ViewController.h; sourceTree = "<group>"; };
		171057FF20AED3E800D1DFDD /* ViewController.m */ = {isa = PBXFileReference; lastKnownFileType = sourcecode.c.objc; path = ViewController.m; sourceTree = "<group>"; };
		1710580220AED3E800D1DFDD /* Base */ = {isa = PBXFileReference; lastKnownFileType = file.storyboard; name = Base; path = Base.lproj/Main.storyboard; sourceTree = "<group>"; };
		1710580420AED3E800D1DFDD /* Assets.xcassets */ = {isa = PBXFileReference; lastKnownFileType = folder.assetcatalog; path = Assets.xcassets; sourceTree = "<group>"; };
		1710580720AED3E800D1DFDD /* Base */ = {isa = PBXFileReference; lastKnownFileType = file.storyboard; name = Base; path = Base.lproj/LaunchScreen.storyboard; sourceTree = "<group>"; };
		1710580920AED3E800D1DFDD /* Info.plist */ = {isa = PBXFileReference; lastKnownFileType = text.plist.xml; path = Info.plist; sourceTree = "<group>"; };
		1710580A20AED3E800D1DFDD /* main.m */ = {isa = PBXFileReference; lastKnownFileType = sourcecode.c.objc; path = main.m; sourceTree = "<group>"; };
		17E53D2620B2784C00F29998 /* MGPDFContentPage.h */ = {isa = PBXFileReference; fileEncoding = 4; lastKnownFileType = sourcecode.c.h; path = MGPDFContentPage.h; sourceTree = "<group>"; };
		17E53D2720B2784C00F29998 /* MGPDFContentPage.m */ = {isa = PBXFileReference; fileEncoding = 4; lastKnownFileType = sourcecode.c.objc; path = MGPDFContentPage.m; sourceTree = "<group>"; };
		17E53D2820B2784C00F29998 /* MGPDFContentTile.h */ = {isa = PBXFileReference; fileEncoding = 4; lastKnownFileType = sourcecode.c.h; path = MGPDFContentTile.h; sourceTree = "<group>"; };
		17E53D2920B2784C00F29998 /* MGPDFContentTile.m */ = {isa = PBXFileReference; fileEncoding = 4; lastKnownFileType = sourcecode.c.objc; path = MGPDFContentTile.m; sourceTree = "<group>"; };
		17E53D2A20B2784C00F29998 /* MGPDFContentView.h */ = {isa = PBXFileReference; fileEncoding = 4; lastKnownFileType = sourcecode.c.h; path = MGPDFContentView.h; sourceTree = "<group>"; };
		17E53D2B20B2784C00F29998 /* MGPDFContentView.m */ = {isa = PBXFileReference; fileEncoding = 4; lastKnownFileType = sourcecode.c.objc; path = MGPDFContentView.m; sourceTree = "<group>"; };
		17E53D2E20B2784C00F29998 /* MGPDFDocument.h */ = {isa = PBXFileReference; fileEncoding = 4; lastKnownFileType = sourcecode.c.h; path = MGPDFDocument.h; sourceTree = "<group>"; };
		17E53D2F20B2784C00F29998 /* MGPDFDocument.m */ = {isa = PBXFileReference; fileEncoding = 4; lastKnownFileType = sourcecode.c.objc; path = MGPDFDocument.m; sourceTree = "<group>"; };
		17E53D3020B2784C00F29998 /* MGPDFDocumentManager.h */ = {isa = PBXFileReference; fileEncoding = 4; lastKnownFileType = sourcecode.c.h; path = MGPDFDocumentManager.h; sourceTree = "<group>"; };
		17E53D3120B2784C00F29998 /* MGPDFDocumentManager.m */ = {isa = PBXFileReference; fileEncoding = 4; lastKnownFileType = sourcecode.c.objc; path = MGPDFDocumentManager.m; sourceTree = "<group>"; };
		17E53D3220B2784C00F29998 /* MGPDFPagesView.h */ = {isa = PBXFileReference; fileEncoding = 4; lastKnownFileType = sourcecode.c.h; path = MGPDFPagesView.h; sourceTree = "<group>"; };
		17E53D3320B2784C00F29998 /* MGPDFPagesView.m */ = {isa = PBXFileReference; fileEncoding = 4; lastKnownFileType = sourcecode.c.objc; path = MGPDFPagesView.m; sourceTree = "<group>"; };
		17E53D4120B29CD800F29998 /* MGPDFReaderView.h */ = {isa = PBXFileReference; lastKnownFileType = sourcecode.c.h; path = MGPDFReaderView.h; sourceTree = "<group>"; };
		17E53D4220B29CD800F29998 /* MGPDFReaderView.m */ = {isa = PBXFileReference; lastKnownFileType = sourcecode.c.objc; path = MGPDFReaderView.m; sourceTree = "<group>"; };
		17E53D4420B2A5E600F29998 /* MGPDFZoomView.h */ = {isa = PBXFileReference; fileEncoding = 4; lastKnownFileType = sourcecode.c.h; path = MGPDFZoomView.h; sourceTree = "<group>"; };
		17E53D4520B2A5E600F29998 /* MGPDFZoomView.m */ = {isa = PBXFileReference; fileEncoding = 4; lastKnownFileType = sourcecode.c.objc; path = MGPDFZoomView.m; sourceTree = "<group>"; };
		17E53D4720B2B18B00F29998 /* MGPDFReaderVC.h */ = {isa = PBXFileReference; lastKnownFileType = sourcecode.c.h; path = MGPDFReaderVC.h; sourceTree = "<group>"; };
		17E53D4820B2B18B00F29998 /* MGPDFReaderVC.m */ = {isa = PBXFileReference; lastKnownFileType = sourcecode.c.objc; path = MGPDFReaderVC.m; sourceTree = "<group>"; };
		17E53D4920B2B18B00F29998 /* MGPDFReaderVC.xib */ = {isa = PBXFileReference; lastKnownFileType = file.xib; path = MGPDFReaderVC.xib; sourceTree = "<group>"; };
		17E53D4C20B2B20700F29998 /* 高性能iOS-应用开发-中文版.pdf */ = {isa = PBXFileReference; lastKnownFileType = image.pdf; path = "高性能iOS-应用开发-中文版.pdf"; sourceTree = "<group>"; };
		17E53D5320B3B70400F29998 /* STA20180522101641440.pdf */ = {isa = PBXFileReference; lastKnownFileType = image.pdf; path = STA20180522101641440.pdf; sourceTree = "<group>"; };
		17E53D5720B4038700F29998 /* compoundSealAutoPdf.pdf */ = {isa = PBXFileReference; lastKnownFileType = image.pdf; path = compoundSealAutoPdf.pdf; sourceTree = "<group>"; };
/* End PBXFileReference section */

/* Begin PBXFrameworksBuildPhase section */
		171057F520AED3E800D1DFDD /* Frameworks */ = {
			isa = PBXFrameworksBuildPhase;
			buildActionMask = 2147483647;
			files = (
			);
			runOnlyForDeploymentPostprocessing = 0;
		};
/* End PBXFrameworksBuildPhase section */

/* Begin PBXGroup section */
		171057EF20AED3E800D1DFDD = {
			isa = PBXGroup;
			children = (
				171057FA20AED3E800D1DFDD /* MGPDFReader */,
				171057F920AED3E800D1DFDD /* Products */,
			);
			sourceTree = "<group>";
		};
		171057F920AED3E800D1DFDD /* Products */ = {
			isa = PBXGroup;
			children = (
				171057F820AED3E800D1DFDD /* MGPDFReader.app */,
			);
			name = Products;
			sourceTree = "<group>";
		};
		171057FA20AED3E800D1DFDD /* MGPDFReader */ = {
			isa = PBXGroup;
			children = (
				17E53D2520B2784C00F29998 /* MGPDFReader */,
				171057FB20AED3E800D1DFDD /* AppDelegate.h */,
				171057FC20AED3E800D1DFDD /* AppDelegate.m */,
				171057FE20AED3E800D1DFDD /* ViewController.h */,
				171057FF20AED3E800D1DFDD /* ViewController.m */,
				1710580120AED3E800D1DFDD /* Main.storyboard */,
				17E53D4720B2B18B00F29998 /* MGPDFReaderVC.h */,
				17E53D4820B2B18B00F29998 /* MGPDFReaderVC.m */,
				17E53D4920B2B18B00F29998 /* MGPDFReaderVC.xib */,
				17E53D4C20B2B20700F29998 /* 高性能iOS-应用开发-中文版.pdf */,
				17E53D5320B3B70400F29998 /* STA20180522101641440.pdf */,
				17E53D5720B4038700F29998 /* compoundSealAutoPdf.pdf */,
				1710580420AED3E800D1DFDD /* Assets.xcassets */,
				1710580620AED3E800D1DFDD /* LaunchScreen.storyboard */,
				1710580920AED3E800D1DFDD /* Info.plist */,
				1710580A20AED3E800D1DFDD /* main.m */,
			);
			path = MGPDFReader;
			sourceTree = "<group>";
		};
		17E53D2520B2784C00F29998 /* MGPDFReader */ = {
			isa = PBXGroup;
			children = (
				17E53D4120B29CD800F29998 /* MGPDFReaderView.h */,
				17E53D4220B29CD800F29998 /* MGPDFReaderView.m */,
				17E53D2A20B2784C00F29998 /* MGPDFContentView.h */,
				17E53D2B20B2784C00F29998 /* MGPDFContentView.m */,
				17E53D2620B2784C00F29998 /* MGPDFContentPage.h */,
				17E53D2720B2784C00F29998 /* MGPDFContentPage.m */,
				17E53D2820B2784C00F29998 /* MGPDFContentTile.h */,
				17E53D2920B2784C00F29998 /* MGPDFContentTile.m */,
				17E53D2E20B2784C00F29998 /* MGPDFDocument.h */,
				17E53D2F20B2784C00F29998 /* MGPDFDocument.m */,
				17E53D3020B2784C00F29998 /* MGPDFDocumentManager.h */,
				17E53D3120B2784C00F29998 /* MGPDFDocumentManager.m */,
				17E53D3220B2784C00F29998 /* MGPDFPagesView.h */,
				17E53D3320B2784C00F29998 /* MGPDFPagesView.m */,
				17E53D4420B2A5E600F29998 /* MGPDFZoomView.h */,
				17E53D4520B2A5E600F29998 /* MGPDFZoomView.m */,
			);
			path = MGPDFReader;
			sourceTree = "<group>";
		};
/* End PBXGroup section */

/* Begin PBXNativeTarget section */
		171057F720AED3E800D1DFDD /* MGPDFReader */ = {
			isa = PBXNativeTarget;
			buildConfigurationList = 1710580E20AED3E800D1DFDD /* Build configuration list for PBXNativeTarget "MGPDFReader" */;
			buildPhases = (
				171057F420AED3E800D1DFDD /* Sources */,
				171057F520AED3E800D1DFDD /* Frameworks */,
				171057F620AED3E800D1DFDD /* Resources */,
			);
			buildRules = (
			);
			dependencies = (
			);
			name = MGPDFReader;
			productName = MGPDFReader;
			productReference = 171057F820AED3E800D1DFDD /* MGPDFReader.app */;
			productType = "com.apple.product-type.application";
		};
/* End PBXNativeTarget section */

/* Begin PBXProject section */
		171057F020AED3E800D1DFDD /* Project object */ = {
			isa = PBXProject;
			attributes = {
				LastUpgradeCheck = 0910;
				ORGANIZATIONNAME = mige.com;
				TargetAttributes = {
					171057F720AED3E800D1DFDD = {
						CreatedOnToolsVersion = 9.1;
						ProvisioningStyle = Automatic;
					};
				};
			};
			buildConfigurationList = 171057F320AED3E800D1DFDD /* Build configuration list for PBXProject "MGPDFReader" */;
			compatibilityVersion = "Xcode 8.0";
			developmentRegion = en;
			hasScannedForEncodings = 0;
			knownRegions = (
				en,
				Base,
			);
			mainGroup = 171057EF20AED3E800D1DFDD;
			productRefGroup = 171057F920AED3E800D1DFDD /* Products */;
			projectDirPath = "";
			projectRoot = "";
			targets = (
				171057F720AED3E800D1DFDD /* MGPDFReader */,
			);
		};
/* End PBXProject section */

/* Begin PBXResourcesBuildPhase section */
		171057F620AED3E800D1DFDD /* Resources */ = {
			isa = PBXResourcesBuildPhase;
			buildActionMask = 2147483647;
			files = (
				1710580820AED3E800D1DFDD /* LaunchScreen.storyboard in Resources */,
				17E53D5420B3B70400F29998 /* STA20180522101641440.pdf in Resources */,
				1710580520AED3E800D1DFDD /* Assets.xcassets in Resources */,
				17E53D5820B4038700F29998 /* compoundSealAutoPdf.pdf in Resources */,
				17E53D4D20B2B20700F29998 /* 高性能iOS-应用开发-中文版.pdf in Resources */,
				1710580320AED3E800D1DFDD /* Main.storyboard in Resources */,
				17E53D4B20B2B18B00F29998 /* MGPDFReaderVC.xib in Resources */,
			);
			runOnlyForDeploymentPostprocessing = 0;
		};
/* End PBXResourcesBuildPhase section */

/* Begin PBXSourcesBuildPhase section */
		171057F420AED3E800D1DFDD /* Sources */ = {
			isa = PBXSourcesBuildPhase;
			buildActionMask = 2147483647;
			files = (
				17E53D4320B29CD800F29998 /* MGPDFReaderView.m in Sources */,
				17E53D3E20B2784C00F29998 /* MGPDFPagesView.m in Sources */,
				17E53D3920B2784C00F29998 /* MGPDFContentTile.m in Sources */,
				17E53D3820B2784C00F29998 /* MGPDFContentPage.m in Sources */,
				1710580020AED3E800D1DFDD /* ViewController.m in Sources */,
				1710580B20AED3E800D1DFDD /* main.m in Sources */,
				17E53D3D20B2784C00F29998 /* MGPDFDocumentManager.m in Sources */,
				17E53D3C20B2784C00F29998 /* MGPDFDocument.m in Sources */,
				17E53D3A20B2784C00F29998 /* MGPDFContentView.m in Sources */,
				17E53D4620B2A5E600F29998 /* MGPDFZoomView.m in Sources */,
				17E53D4A20B2B18B00F29998 /* MGPDFReaderVC.m in Sources */,
				171057FD20AED3E800D1DFDD /* AppDelegate.m in Sources */,
			);
			runOnlyForDeploymentPostprocessing = 0;
		};
/* End PBXSourcesBuildPhase section */

/* Begin PBXVariantGroup section */
		1710580120AED3E800D1DFDD /* Main.storyboard */ = {
			isa = PBXVariantGroup;
			children = (
				1710580220AED3E800D1DFDD /* Base */,
			);
			name = Main.storyboard;
			sourceTree = "<group>";
		};
		1710580620AED3E800D1DFDD /* LaunchScreen.storyboard */ = {
			isa = PBXVariantGroup;
			children = (
				1710580720AED3E800D1DFDD /* Base */,
			);
			name = LaunchScreen.storyboard;
			sourceTree = "<group>";
		};
/* End PBXVariantGroup section */

/* Begin XCBuildConfiguration section */
		1710580C20AED3E800D1DFDD /* Debug */ = {
			isa = XCBuildConfiguration;
			buildSettings = {
				ALWAYS_SEARCH_USER_PATHS = NO;
				CLANG_ANALYZER_NONNULL = YES;
				CLANG_ANALYZER_NUMBER_OBJECT_CONVERSION = YES_AGGRESSIVE;
				CLANG_CXX_LANGUAGE_STANDARD = "gnu++14";
				CLANG_CXX_LIBRARY = "libc++";
				CLANG_ENABLE_MODULES = YES;
				CLANG_ENABLE_OBJC_ARC = YES;
				CLANG_WARN_BLOCK_CAPTURE_AUTORELEASING = YES;
				CLANG_WARN_BOOL_CONVERSION = YES;
				CLANG_WARN_COMMA = YES;
				CLANG_WARN_CONSTANT_CONVERSION = YES;
				CLANG_WARN_DIRECT_OBJC_ISA_USAGE = YES_ERROR;
				CLANG_WARN_DOCUMENTATION_COMMENTS = YES;
				CLANG_WARN_EMPTY_BODY = YES;
				CLANG_WARN_ENUM_CONVERSION = YES;
				CLANG_WARN_INFINITE_RECURSION = YES;
				CLANG_WARN_INT_CONVERSION = YES;
				CLANG_WARN_NON_LITERAL_NULL_CONVERSION = YES;
				CLANG_WARN_OBJC_LITERAL_CONVERSION = YES;
				CLANG_WARN_OBJC_ROOT_CLASS = YES_ERROR;
				CLANG_WARN_RANGE_LOOP_ANALYSIS = YES;
				CLANG_WARN_STRICT_PROTOTYPES = YES;
				CLANG_WARN_SUSPICIOUS_MOVE = YES;
				CLANG_WARN_UNGUARDED_AVAILABILITY = YES_AGGRESSIVE;
				CLANG_WARN_UNREACHABLE_CODE = YES;
				CLANG_WARN__DUPLICATE_METHOD_MATCH = YES;
				CODE_SIGN_IDENTITY = "iPhone Developer";
				COPY_PHASE_STRIP = NO;
				DEBUG_INFORMATION_FORMAT = dwarf;
				ENABLE_STRICT_OBJC_MSGSEND = YES;
				ENABLE_TESTABILITY = YES;
				GCC_C_LANGUAGE_STANDARD = gnu11;
				GCC_DYNAMIC_NO_PIC = NO;
				GCC_NO_COMMON_BLOCKS = YES;
				GCC_OPTIMIZATION_LEVEL = 0;
				GCC_PREPROCESSOR_DEFINITIONS = (
					"DEBUG=1",
					"$(inherited)",
				);
				GCC_WARN_64_TO_32_BIT_CONVERSION = YES;
				GCC_WARN_ABOUT_RETURN_TYPE = YES_ERROR;
				GCC_WARN_UNDECLARED_SELECTOR = YES;
				GCC_WARN_UNINITIALIZED_AUTOS = YES_AGGRESSIVE;
				GCC_WARN_UNUSED_FUNCTION = YES;
				GCC_WARN_UNUSED_VARIABLE = YES;
				IPHONEOS_DEPLOYMENT_TARGET = 11.1;
				MTL_ENABLE_DEBUG_INFO = YES;
				ONLY_ACTIVE_ARCH = YES;
				SDKROOT = iphoneos;
			};
			name = Debug;
		};
		1710580D20AED3E800D1DFDD /* Release */ = {
			isa = XCBuildConfiguration;
			buildSettings = {
				ALWAYS_SEARCH_USER_PATHS = NO;
				CLANG_ANALYZER_NONNULL = YES;
				CLANG_ANALYZER_NUMBER_OBJECT_CONVERSION = YES_AGGRESSIVE;
				CLANG_CXX_LANGUAGE_STANDARD = "gnu++14";
				CLANG_CXX_LIBRARY = "libc++";
				CLANG_ENABLE_MODULES = YES;
				CLANG_ENABLE_OBJC_ARC = YES;
				CLANG_WARN_BLOCK_CAPTURE_AUTORELEASING = YES;
				CLANG_WARN_BOOL_CONVERSION = YES;
				CLANG_WARN_COMMA = YES;
				CLANG_WARN_CONSTANT_CONVERSION = YES;
				CLANG_WARN_DIRECT_OBJC_ISA_USAGE = YES_ERROR;
				CLANG_WARN_DOCUMENTATION_COMMENTS = YES;
				CLANG_WARN_EMPTY_BODY = YES;
				CLANG_WARN_ENUM_CONVERSION = YES;
				CLANG_WARN_INFINITE_RECURSION = YES;
				CLANG_WARN_INT_CONVERSION = YES;
				CLANG_WARN_NON_LITERAL_NULL_CONVERSION = YES;
				CLANG_WARN_OBJC_LITERAL_CONVERSION = YES;
				CLANG_WARN_OBJC_ROOT_CLASS = YES_ERROR;
				CLANG_WARN_RANGE_LOOP_ANALYSIS = YES;
				CLANG_WARN_STRICT_PROTOTYPES = YES;
				CLANG_WARN_SUSPICIOUS_MOVE = YES;
				CLANG_WARN_UNGUARDED_AVAILABILITY = YES_AGGRESSIVE;
				CLANG_WARN_UNREACHABLE_CODE = YES;
				CLANG_WARN__DUPLICATE_METHOD_MATCH = YES;
				CODE_SIGN_IDENTITY = "iPhone Developer";
				COPY_PHASE_STRIP = NO;
				DEBUG_INFORMATION_FORMAT = "dwarf-with-dsym";
				ENABLE_NS_ASSERTIONS = NO;
				ENABLE_STRICT_OBJC_MSGSEND = YES;
				GCC_C_LANGUAGE_STANDARD = gnu11;
				GCC_NO_COMMON_BLOCKS = YES;
				GCC_WARN_64_TO_32_BIT_CONVERSION = YES;
				GCC_WARN_ABOUT_RETURN_TYPE = YES_ERROR;
				GCC_WARN_UNDECLARED_SELECTOR = YES;
				GCC_WARN_UNINITIALIZED_AUTOS = YES_AGGRESSIVE;
				GCC_WARN_UNUSED_FUNCTION = YES;
				GCC_WARN_UNUSED_VARIABLE = YES;
				IPHONEOS_DEPLOYMENT_TARGET = 11.1;
				MTL_ENABLE_DEBUG_INFO = NO;
				SDKROOT = iphoneos;
				VALIDATE_PRODUCT = YES;
			};
			name = Release;
		};
		1710580F20AED3E800D1DFDD /* Debug */ = {
			isa = XCBuildConfiguration;
			buildSettings = {
				ASSETCATALOG_COMPILER_APPICON_NAME = AppIcon;
				CODE_SIGN_STYLE = Automatic;
				INFOPLIST_FILE = MGPDFReader/Info.plist;
				IPHONEOS_DEPLOYMENT_TARGET = 9.0;
				LD_RUNPATH_SEARCH_PATHS = "$(inherited) @executable_path/Frameworks";
				PRODUCT_BUNDLE_IDENTIFIER = mige.MGPDFReader;
				PRODUCT_NAME = "$(TARGET_NAME)";
				TARGETED_DEVICE_FAMILY = "1,2";
			};
			name = Debug;
		};
		1710581020AED3E800D1DFDD /* Release */ = {
			isa = XCBuildConfiguration;
			buildSettings = {
				ASSETCATALOG_COMPILER_APPICON_NAME = AppIcon;
				CODE_SIGN_STYLE = Automatic;
				INFOPLIST_FILE = MGPDFReader/Info.plist;
				IPHONEOS_DEPLOYMENT_TARGET = 9.0;
				LD_RUNPATH_SEARCH_PATHS = "$(inherited) @executable_path/Frameworks";
				PRODUCT_BUNDLE_IDENTIFIER = mige.MGPDFReader;
				PRODUCT_NAME = "$(TARGET_NAME)";
				TARGETED_DEVICE_FAMILY = "1,2";
			};
			name = Release;
		};
/* End XCBuildConfiguration section */

/* Begin XCConfigurationList section */
		171057F320AED3E800D1DFDD /* Build configuration list for PBXProject "MGPDFReader" */ = {
			isa = XCConfigurationList;
			buildConfigurations = (
				1710580C20AED3E800D1DFDD /* Debug */,
				1710580D20AED3E800D1DFDD /* Release */,
			);
			defaultConfigurationIsVisible = 0;
			defaultConfigurationName = Release;
		};
		1710580E20AED3E800D1DFDD /* Build configuration list for PBXNativeTarget "MGPDFReader" */ = {
			isa = XCConfigurationList;
			buildConfigurations = (
				1710580F20AED3E800D1DFDD /* Debug */,
				1710581020AED3E800D1DFDD /* Release */,
			);
			defaultConfigurationIsVisible = 0;
			defaultConfigurationName = Release;
		};
/* End XCConfigurationList section */
	};
	rootObject = 171057F020AED3E800D1DFDD /* Project object */;
}
